
Microsoft Visual Studio Solution File, Format Version 12.00
# Visual Studio Version 17
VisualStudioVersion = 17.9.34622.214
MinimumVisualStudioVersion = 10.0.40219.1
Project("{FAE04EC0-301F-11D3-BF4B-00C04F79EFBC}") = "Exercise02", "Exercise02\Exercise02.csproj", "{272C0F39-563B-459C-A56C-DE994C6BFF23}"
EndProject
Global
	GlobalSection(SolutionConfigurationPlatforms) = preSolution
		Debug|Any CPU = Debug|Any CPU
		Release|Any CPU = Release|Any CPU
	EndGlobalSection
	GlobalSection(ProjectConfigurationPlatforms) = postSolution
		{272C0F39-563B-459C-A56C-DE994C6BFF23}.Debug|Any CPU.ActiveCfg = Debug|Any CPU
		{272C0F39-563B-459C-A56C-DE994C6BFF23}.Debug|Any CPU.Build.0 = Debug|Any CPU
		{272C0F39-563B-459C-A56C-DE994C6BFF23}.Release|Any CPU.ActiveCfg = Release|Any CPU
		{272C0F39-563B-459C-A56C-DE994C6BFF23}.Release|Any CPU.Build.0 = Release|Any CPU
	EndGlobalSection
	GlobalSection(SolutionProperties) = preSolution
		HideSolutionNode = FALSE
	EndGlobalSection
	GlobalSection(ExtensibilityGlobals) = postSolution
		SolutionGuid = {B5EEE77F-EF80-4963-A479-1AAB757B0332}
	EndGlobalSection
EndGlobal
